<Solution>
  <Folder Name="/docs/">
    <File Path="Arquitecture Build Guide.md" />
  </Folder>
  <Folder Name="/src/">
    <Project Path="src/SGOFAPI.Host/SGOFAPI.Host.csproj" />
  </Folder>
  <Folder Name="/src/Modules/" />
  <Folder Name="/src/Modules/Parameters/">
    <Project Path="src/Modules/Parameters/Parameters.API/Parameters.API.csproj" />
    <Project Path="src/Modules/Parameters/Parameters.Application/Parameters.Application.csproj" />
    <Project Path="src/Modules/Parameters/Parameters.Domain/Parameters.Domain.csproj" />
    <Project Path="src/Modules/Parameters/Parameters.Infrastructure/Parameters.Infrastructure.csproj" />
  </Folder>
</Solution>
